
Microsoft Visual Studio Solution File, Format Version 12.00
# Visual Studio Version 17
VisualStudioVersion = 17.3.32901.215
MinimumVisualStudioVersion = 10.0.40219.1
Project("{FAE04EC0-301F-11D3-BF4B-00C04F79EFBC}") = "Lib_Vendedor", "Lib_Vendedor.csproj", "{DD04167E-8A3E-4342-B361-A4D33587F320}"
EndProject
Global
	GlobalSection(SolutionConfigurationPlatforms) = preSolution
		Debug|Any CPU = Debug|Any CPU
		Release|Any CPU = Release|Any CPU
	EndGlobalSection
	GlobalSection(ProjectConfigurationPlatforms) = postSolution
		{DD04167E-8A3E-4342-B361-A4D33587F320}.Debug|Any CPU.ActiveCfg = Debug|Any CPU
		{DD04167E-8A3E-4342-B361-A4D33587F320}.Debug|Any CPU.Build.0 = Debug|Any CPU
		{DD04167E-8A3E-4342-B361-A4D33587F320}.Release|Any CPU.ActiveCfg = Release|Any CPU
		{DD04167E-8A3E-4342-B361-A4D33587F320}.Release|Any CPU.Build.0 = Release|Any CPU
	EndGlobalSection
	GlobalSection(SolutionProperties) = preSolution
		HideSolutionNode = FALSE
	EndGlobalSection
	GlobalSection(ExtensibilityGlobals) = postSolution
		SolutionGuid = {8250485A-A0BD-438D-8DC8-E0878D79D812}
	EndGlobalSection
EndGlobal
